
Microsoft Visual Studio Solution File, Format Version 12.00
# Visual Studio 16
Project("{FAE04EC0-301F-11D3-BF4B-00C04F79EFBC}") = "Assembly-CSharp", "Assembly-CSharp.csproj", "{F8302F9C-1982-CDF8-67BC-8A47F1398706}"
EndProject
Project("{FAE04EC0-301F-11D3-BF4B-00C04F79EFBC}") = "Assembly-CSharp-Editor", "Assembly-CSharp-Editor.csproj", "{828F42C8-7002-7AB1-84FB-FADF6868BD85}"
EndProject
Global
	GlobalSection(SolutionConfigurationPlatforms) = preSolution
		Debug|Any CPU = Debug|Any CPU
		Release|Any CPU = Release|Any CPU
	EndGlobalSection
	GlobalSection(ProjectConfigurationPlatforms) = postSolution
		{F8302F9C-1982-CDF8-67BC-8A47F1398706}.Debug|Any CPU.ActiveCfg = Debug|Any CPU
		{F8302F9C-1982-CDF8-67BC-8A47F1398706}.Debug|Any CPU.Build.0 = Debug|Any CPU
		{F8302F9C-1982-CDF8-67BC-8A47F1398706}.Release|Any CPU.ActiveCfg = Release|Any CPU
		{F8302F9C-1982-CDF8-67BC-8A47F1398706}.Release|Any CPU.Build.0 = Release|Any CPU
		{828F42C8-7002-7AB1-84FB-FADF6868BD85}.Debug|Any CPU.ActiveCfg = Debug|Any CPU
		{828F42C8-7002-7AB1-84FB-FADF6868BD85}.Debug|Any CPU.Build.0 = Debug|Any CPU
		{828F42C8-7002-7AB1-84FB-FADF6868BD85}.Release|Any CPU.ActiveCfg = Release|Any CPU
		{828F42C8-7002-7AB1-84FB-FADF6868BD85}.Release|Any CPU.Build.0 = Release|Any CPU
	EndGlobalSection
	GlobalSection(SolutionProperties) = preSolution
		HideSolutionNode = FALSE
	EndGlobalSection
EndGlobal
